
Microsoft Visual Studio Solution File, Format Version 12.00
# Visual Studio Version 17
VisualStudioVersion = 17.8.34309.116
MinimumVisualStudioVersion = 10.0.40219.1
Project("{7DC92A5D-7DA7-4B0D-A0A1-2114845BFBAA}") = "FreeAI", "FreeAI\FreeAI.csproj", "{3D64B444-B182-4FB4-9105-965EA67F347D}"
EndProject
Project("{7DC92A5D-7DA7-4B0D-A0A1-2114845BFBAA}") = "FreeAI.Client", "FreeAI.Client\FreeAI.Client.csproj", "{6CD8A778-454E-4F95-8BB9-9573C6CDD08C}"
EndProject
Project("{7DC92A5D-7DA7-4B0D-A0A1-2114845BFBAA}") = "FreeAI.DataAccess", "FreeAI.DataAccess\FreeAI.DataAccess.csproj", "{77E69EBA-785B-45AF-BD8C-2CE9E80B775B}"
EndProject
Project("{7DC92A5D-7DA7-4B0D-A0A1-2114845BFBAA}") = "FreeAI.DataObjects", "FreeAI.DataObjects\FreeAI.DataObjects.csproj", "{98C8537B-F1DA-4D63-8950-4D21CF5DA182}"
EndProject
Project("{7DC92A5D-7DA7-4B0D-A0A1-2114845BFBAA}") = "FreeAI.EFModels", "FreeAI.EFModels\FreeAI.EFModels.csproj", "{E63791C2-CCD4-4317-8C1D-26879550DBC2}"
EndProject
Project("{2150E333-8FDC-42A3-9474-1A3956D46DE8}") = "Solution Items", "Solution Items", "{B02C9FE0-2531-4ECC-BE6D-CCFC2D6A630C}"
	ProjectSection(SolutionItems) = preProject
		.editorconfig = .editorconfig
		.gitignore = .gitignore
		LICENSE = LICENSE
		README.md = README.md
		Remove Modules from FreeFreeAI.exe = Remove Modules from FreeFreeAI.exe
		Rename FreeFreeAI.exe = Rename FreeFreeAI.exe
	EndProjectSection
EndProject
Project("{7DC92A5D-7DA7-4B0D-A0A1-2114845BFBAA}") = "FreeAI.Plugins", "FreeAI.Plugins\FreeAI.Plugins.csproj", "{544D2BA3-0574-47DF-B550-32C1302ED35A}"
EndProject
Global
	GlobalSection(SolutionConfigurationPlatforms) = preSolution
		Debug|Any CPU = Debug|Any CPU
		Release|Any CPU = Release|Any CPU
	EndGlobalSection
	GlobalSection(ProjectConfigurationPlatforms) = postSolution
		{3D64B444-B182-4FB4-9105-965EA67F347D}.Debug|Any CPU.ActiveCfg = Debug|Any CPU
		{3D64B444-B182-4FB4-9105-965EA67F347D}.Debug|Any CPU.Build.0 = Debug|Any CPU
		{3D64B444-B182-4FB4-9105-965EA67F347D}.Release|Any CPU.ActiveCfg = Release|Any CPU
		{3D64B444-B182-4FB4-9105-965EA67F347D}.Release|Any CPU.Build.0 = Release|Any CPU
		{6CD8A778-454E-4F95-8BB9-9573C6CDD08C}.Debug|Any CPU.ActiveCfg = Debug|Any CPU
		{6CD8A778-454E-4F95-8BB9-9573C6CDD08C}.Debug|Any CPU.Build.0 = Debug|Any CPU
		{6CD8A778-454E-4F95-8BB9-9573C6CDD08C}.Release|Any CPU.ActiveCfg = Release|Any CPU
		{6CD8A778-454E-4F95-8BB9-9573C6CDD08C}.Release|Any CPU.Build.0 = Release|Any CPU
		{77E69EBA-785B-45AF-BD8C-2CE9E80B775B}.Debug|Any CPU.ActiveCfg = Debug|Any CPU
		{77E69EBA-785B-45AF-BD8C-2CE9E80B775B}.Debug|Any CPU.Build.0 = Debug|Any CPU
		{77E69EBA-785B-45AF-BD8C-2CE9E80B775B}.Release|Any CPU.ActiveCfg = Release|Any CPU
		{77E69EBA-785B-45AF-BD8C-2CE9E80B775B}.Release|Any CPU.Build.0 = Release|Any CPU
		{98C8537B-F1DA-4D63-8950-4D21CF5DA182}.Debug|Any CPU.ActiveCfg = Debug|Any CPU
		{98C8537B-F1DA-4D63-8950-4D21CF5DA182}.Debug|Any CPU.Build.0 = Debug|Any CPU
		{98C8537B-F1DA-4D63-8950-4D21CF5DA182}.Release|Any CPU.ActiveCfg = Release|Any CPU
		{98C8537B-F1DA-4D63-8950-4D21CF5DA182}.Release|Any CPU.Build.0 = Release|Any CPU
		{E63791C2-CCD4-4317-8C1D-26879550DBC2}.Debug|Any CPU.ActiveCfg = Debug|Any CPU
		{E63791C2-CCD4-4317-8C1D-26879550DBC2}.Debug|Any CPU.Build.0 = Debug|Any CPU
		{E63791C2-CCD4-4317-8C1D-26879550DBC2}.Release|Any CPU.ActiveCfg = Release|Any CPU
		{E63791C2-CCD4-4317-8C1D-26879550DBC2}.Release|Any CPU.Build.0 = Release|Any CPU
		{544D2BA3-0574-47DF-B550-32C1302ED35A}.Debug|Any CPU.ActiveCfg = Debug|Any CPU
		{544D2BA3-0574-47DF-B550-32C1302ED35A}.Debug|Any CPU.Build.0 = Debug|Any CPU
		{544D2BA3-0574-47DF-B550-32C1302ED35A}.Release|Any CPU.ActiveCfg = Release|Any CPU
		{544D2BA3-0574-47DF-B550-32C1302ED35A}.Release|Any CPU.Build.0 = Release|Any CPU
	EndGlobalSection
	GlobalSection(SolutionProperties) = preSolution
		HideSolutionNode = FALSE
	EndGlobalSection
	GlobalSection(ExtensibilityGlobals) = postSolution
		SolutionGuid = {C4A59AD0-92A7-475D-A3BC-51E982A9C0FA}
	EndGlobalSection
EndGlobal
