
Microsoft Visual Studio Solution File, Format Version 12.00
# Visual Studio Version 17
VisualStudioVersion = 17.8.34309.116
MinimumVisualStudioVersion = 10.0.40219.1
Project("{15365F4C-3BED-4BE0-93CC-904EA52F7149}") = "FreeAI", "FreeAI\FreeAI.csproj", "{F1DF70C9-CB61-4F32-B079-B49CF792BF5A}"
EndProject
Project("{15365F4C-3BED-4BE0-93CC-904EA52F7149}") = "FreeAI.Client", "FreeAI.Client\FreeAI.Client.csproj", "{831B97B9-3FED-44E0-A0D2-14194FDBAAC4}"
EndProject
Project("{15365F4C-3BED-4BE0-93CC-904EA52F7149}") = "FreeAI.DataAccess", "FreeAI.DataAccess\FreeAI.DataAccess.csproj", "{47CD2DD3-174D-4F01-A373-1FCF4D55DEF8}"
EndProject
Project("{15365F4C-3BED-4BE0-93CC-904EA52F7149}") = "FreeAI.DataObjects", "FreeAI.DataObjects\FreeAI.DataObjects.csproj", "{6331E4C3-708B-444C-A664-213C5B5D90DB}"
EndProject
Project("{15365F4C-3BED-4BE0-93CC-904EA52F7149}") = "FreeAI.EFModels", "FreeAI.EFModels\FreeAI.EFModels.csproj", "{0C21C35C-209A-48D3-922B-2CD1132C9201}"
EndProject
Project("{2150E333-8FDC-42A3-9474-1A3956D46DE8}") = "Solution Items", "Solution Items", "{681640EF-4AFE-49D8-AC1B-97E03F3C98A9}"
	ProjectSection(SolutionItems) = preProject
		.editorconfig = .editorconfig
		.gitignore = .gitignore
		LICENSE = LICENSE
		README.md = README.md
		Remove Modules from FreeFreeAI.exe = Remove Modules from FreeFreeAI.exe
		Rename FreeFreeAI.exe = Rename FreeFreeAI.exe
	EndProjectSection
EndProject
Project("{15365F4C-3BED-4BE0-93CC-904EA52F7149}") = "FreeAI.Plugins", "FreeAI.Plugins\FreeAI.Plugins.csproj", "{B5BCEE51-D02B-45A5-9E16-EDEDA020AB55}"
EndProject
Global
	GlobalSection(SolutionConfigurationPlatforms) = preSolution
		Debug|Any CPU = Debug|Any CPU
		Release|Any CPU = Release|Any CPU
	EndGlobalSection
	GlobalSection(ProjectConfigurationPlatforms) = postSolution
		{F1DF70C9-CB61-4F32-B079-B49CF792BF5A}.Debug|Any CPU.ActiveCfg = Debug|Any CPU
		{F1DF70C9-CB61-4F32-B079-B49CF792BF5A}.Debug|Any CPU.Build.0 = Debug|Any CPU
		{F1DF70C9-CB61-4F32-B079-B49CF792BF5A}.Release|Any CPU.ActiveCfg = Release|Any CPU
		{F1DF70C9-CB61-4F32-B079-B49CF792BF5A}.Release|Any CPU.Build.0 = Release|Any CPU
		{831B97B9-3FED-44E0-A0D2-14194FDBAAC4}.Debug|Any CPU.ActiveCfg = Debug|Any CPU
		{831B97B9-3FED-44E0-A0D2-14194FDBAAC4}.Debug|Any CPU.Build.0 = Debug|Any CPU
		{831B97B9-3FED-44E0-A0D2-14194FDBAAC4}.Release|Any CPU.ActiveCfg = Release|Any CPU
		{831B97B9-3FED-44E0-A0D2-14194FDBAAC4}.Release|Any CPU.Build.0 = Release|Any CPU
		{47CD2DD3-174D-4F01-A373-1FCF4D55DEF8}.Debug|Any CPU.ActiveCfg = Debug|Any CPU
		{47CD2DD3-174D-4F01-A373-1FCF4D55DEF8}.Debug|Any CPU.Build.0 = Debug|Any CPU
		{47CD2DD3-174D-4F01-A373-1FCF4D55DEF8}.Release|Any CPU.ActiveCfg = Release|Any CPU
		{47CD2DD3-174D-4F01-A373-1FCF4D55DEF8}.Release|Any CPU.Build.0 = Release|Any CPU
		{6331E4C3-708B-444C-A664-213C5B5D90DB}.Debug|Any CPU.ActiveCfg = Debug|Any CPU
		{6331E4C3-708B-444C-A664-213C5B5D90DB}.Debug|Any CPU.Build.0 = Debug|Any CPU
		{6331E4C3-708B-444C-A664-213C5B5D90DB}.Release|Any CPU.ActiveCfg = Release|Any CPU
		{6331E4C3-708B-444C-A664-213C5B5D90DB}.Release|Any CPU.Build.0 = Release|Any CPU
		{0C21C35C-209A-48D3-922B-2CD1132C9201}.Debug|Any CPU.ActiveCfg = Debug|Any CPU
		{0C21C35C-209A-48D3-922B-2CD1132C9201}.Debug|Any CPU.Build.0 = Debug|Any CPU
		{0C21C35C-209A-48D3-922B-2CD1132C9201}.Release|Any CPU.ActiveCfg = Release|Any CPU
		{0C21C35C-209A-48D3-922B-2CD1132C9201}.Release|Any CPU.Build.0 = Release|Any CPU
		{B5BCEE51-D02B-45A5-9E16-EDEDA020AB55}.Debug|Any CPU.ActiveCfg = Debug|Any CPU
		{B5BCEE51-D02B-45A5-9E16-EDEDA020AB55}.Debug|Any CPU.Build.0 = Debug|Any CPU
		{B5BCEE51-D02B-45A5-9E16-EDEDA020AB55}.Release|Any CPU.ActiveCfg = Release|Any CPU
		{B5BCEE51-D02B-45A5-9E16-EDEDA020AB55}.Release|Any CPU.Build.0 = Release|Any CPU
	EndGlobalSection
	GlobalSection(SolutionProperties) = preSolution
		HideSolutionNode = FALSE
	EndGlobalSection
	GlobalSection(ExtensibilityGlobals) = postSolution
		SolutionGuid = {C4A59AD0-92A7-475D-A3BC-51E982A9C0FA}
	EndGlobalSection
EndGlobal
